
Microsoft Visual Studio Solution File, Format Version 12.00
Project("{FAE04EC0-301F-11D3-BF4B-00C04F79EFBC}") = "LetsDate", "LetsDate\LetsDate.csproj", "{CE3BC710-D279-4CD4-9C18-7DF56BEFAB62}"
EndProject
Global
	GlobalSection(SolutionConfigurationPlatforms) = preSolution
		Debug|Any CPU = Debug|Any CPU
		Release|Any CPU = Release|Any CPU
	EndGlobalSection
	GlobalSection(ProjectConfigurationPlatforms) = postSolution
		{CE3BC710-D279-4CD4-9C18-7DF56BEFAB62}.Debug|Any CPU.ActiveCfg = Debug|Any CPU
		{CE3BC710-D279-4CD4-9C18-7DF56BEFAB62}.Debug|Any CPU.Build.0 = Debug|Any CPU
		{CE3BC710-D279-4CD4-9C18-7DF56BEFAB62}.Release|Any CPU.ActiveCfg = Release|Any CPU
		{CE3BC710-D279-4CD4-9C18-7DF56BEFAB62}.Release|Any CPU.Build.0 = Release|Any CPU
	EndGlobalSection
EndGlobal
